// !$*UTF8*$!
{
	archiveVersion = 1;
	classes = {
	};
	objectVersion = 46;
	objects = {

/* Begin PBXBuildFile section */
		C241FFFF191D8CEB00C914AA /* EmptySegue.m in Sources */ = {isa = PBXBuildFile; fileRef = C241FFFE191D8CEB00C914AA /* EmptySegue.m */; };
		C24FDF2719195819009C7A9A /* Foundation.framework in Frameworks */ = {isa = PBXBuildFile; fileRef = C24FDF2619195819009C7A9A /* Foundation.framework */; };
		C24FDF2919195819009C7A9A /* CoreGraphics.framework in Frameworks */ = {isa = PBXBuildFile; fileRef = C24FDF2819195819009C7A9A /* CoreGraphics.framework */; };
		C24FDF2B19195819009C7A9A /* UIKit.framework in Frameworks */ = {isa = PBXBuildFile; fileRef = C24FDF2A19195819009C7A9A /* UIKit.framework */; };
		C24FDF2D19195819009C7A9A /* CoreData.framework in Frameworks */ = {isa = PBXBuildFile; fileRef = C24FDF2C19195819009C7A9A /* CoreData.framework */; };
		C24FDF3319195819009C7A9A /* InfoPlist.strings in Resources */ = {isa = PBXBuildFile; fileRef = C24FDF3119195819009C7A9A /* InfoPlist.strings */; };
		C24FDF3519195819009C7A9A /* main.m in Sources */ = {isa = PBXBuildFile; fileRef = C24FDF3419195819009C7A9A /* main.m */; };
		C24FDF3919195819009C7A9A /* AppDelegate.m in Sources */ = {isa = PBXBuildFile; fileRef = C24FDF3819195819009C7A9A /* AppDelegate.m */; };
		C24FDF3C19195819009C7A9A /* Main_iPhone.storyboard in Resources */ = {isa = PBXBuildFile; fileRef = C24FDF3A19195819009C7A9A /* Main_iPhone.storyboard */; };
		C24FDF4219195819009C7A9A /* SanJoseLibrary.xcdatamodeld in Sources */ = {isa = PBXBuildFile; fileRef = C24FDF4019195819009C7A9A /* SanJoseLibrary.xcdatamodeld */; };
		C24FDF4519195819009C7A9A /* SelectUserViewController.m in Sources */ = {isa = PBXBuildFile; fileRef = C24FDF4419195819009C7A9A /* SelectUserViewController.m */; };
		C24FDF4819195819009C7A9A /* LoginViewController.m in Sources */ = {isa = PBXBuildFile; fileRef = C24FDF4719195819009C7A9A /* LoginViewController.m */; };
		C24FDF4A19195819009C7A9A /* Images.xcassets in Resources */ = {isa = PBXBuildFile; fileRef = C24FDF4919195819009C7A9A /* Images.xcassets */; };
		C24FDF5119195819009C7A9A /* XCTest.framework in Frameworks */ = {isa = PBXBuildFile; fileRef = C24FDF5019195819009C7A9A /* XCTest.framework */; };
		C24FDF5219195819009C7A9A /* Foundation.framework in Frameworks */ = {isa = PBXBuildFile; fileRef = C24FDF2619195819009C7A9A /* Foundation.framework */; };
		C24FDF5319195819009C7A9A /* UIKit.framework in Frameworks */ = {isa = PBXBuildFile; fileRef = C24FDF2A19195819009C7A9A /* UIKit.framework */; };
		C24FDF5419195819009C7A9A /* CoreData.framework in Frameworks */ = {isa = PBXBuildFile; fileRef = C24FDF2C19195819009C7A9A /* CoreData.framework */; };
		C24FDF5C19195819009C7A9A /* InfoPlist.strings in Resources */ = {isa = PBXBuildFile; fileRef = C24FDF5A19195819009C7A9A /* InfoPlist.strings */; };
		C24FDF5E19195819009C7A9A /* SanJoseLibraryTests.m in Sources */ = {isa = PBXBuildFile; fileRef = C24FDF5D19195819009C7A9A /* SanJoseLibraryTests.m */; };
		C24FDF69191958EE009C7A9A /* ServiceRequest.m in Sources */ = {isa = PBXBuildFile; fileRef = C24FDF68191958EE009C7A9A /* ServiceRequest.m */; };
		C24FDF6C19198279009C7A9A /* LoginParameters.m in Sources */ = {isa = PBXBuildFile; fileRef = C24FDF6B19198279009C7A9A /* LoginParameters.m */; };
		C24FDF6F1919922F009C7A9A /* Account.m in Sources */ = {isa = PBXBuildFile; fileRef = C24FDF6E1919922F009C7A9A /* Account.m */; };
		C24FDF7219199BA9009C7A9A /* UserCollection.m in Sources */ = {isa = PBXBuildFile; fileRef = C24FDF7119199BA9009C7A9A /* UserCollection.m */; };
		C283E3FF191AAD35008B66DB /* NSObject+Properties.m in Sources */ = {isa = PBXBuildFile; fileRef = C283E3FC191AAD35008B66DB /* NSObject+Properties.m */; };
		C283E400191AAD35008B66DB /* NSString+PropertyKVC.m in Sources */ = {isa = PBXBuildFile; fileRef = C283E3FE191AAD35008B66DB /* NSString+PropertyKVC.m */; };
		C283E406191AAFCB008B66DB /* User.m in Sources */ = {isa = PBXBuildFile; fileRef = C283E405191AAFCB008B66DB /* User.m */; };
		C283E409191AD1FD008B66DB /* Activity.m in Sources */ = {isa = PBXBuildFile; fileRef = C283E408191AD1FD008B66DB /* Activity.m */; };
		C283E40C191AD255008B66DB /* ActivityGridCollection.m in Sources */ = {isa = PBXBuildFile; fileRef = C283E40B191AD255008B66DB /* ActivityGridCollection.m */; };
		C283E40F191AD26B008B66DB /* Prize.m in Sources */ = {isa = PBXBuildFile; fileRef = C283E40E191AD26B008B66DB /* Prize.m */; };
		C283E412191AD281008B66DB /* PrizesCollection.m in Sources */ = {isa = PBXBuildFile; fileRef = C283E411191AD281008B66DB /* PrizesCollection.m */; };
		C283E415191AD724008B66DB /* PrizeType.m in Sources */ = {isa = PBXBuildFile; fileRef = C283E414191AD724008B66DB /* PrizeType.m */; };
		C283E418191AD7B5008B66DB /* UserTypes.m in Sources */ = {isa = PBXBuildFile; fileRef = C283E417191AD7B5008B66DB /* UserTypes.m */; };
		C283E41F191AE028008B66DB /* NSObject+JSONObject.m in Sources */ = {isa = PBXBuildFile; fileRef = C283E41E191AE028008B66DB /* NSObject+JSONObject.m */; };
		C2981F721920348900DEBA0D /* ReadingLogCell.m in Sources */ = {isa = PBXBuildFile; fileRef = C2981F711920348900DEBA0D /* ReadingLogCell.m */; };
		C2981F75192034A300DEBA0D /* ActivityGridCell.m in Sources */ = {isa = PBXBuildFile; fileRef = C2981F74192034A300DEBA0D /* ActivityGridCell.m */; };
		C2CB4DC6191BF5A200BA3FBD /* Utillities.m in Sources */ = {isa = PBXBuildFile; fileRef = C2CB4DC5191BF5A200BA3FBD /* Utillities.m */; };
		C2CB4DC9191BFFBF00BA3FBD /* RegisterViewController.m in Sources */ = {isa = PBXBuildFile; fileRef = C2CB4DC8191BFFBF00BA3FBD /* RegisterViewController.m */; };
		C2CB4DCF191C0D9400BA3FBD /* Branch.m in Sources */ = {isa = PBXBuildFile; fileRef = C2CB4DCE191C0D9400BA3FBD /* Branch.m */; };
		C2CB4DD2191C398D00BA3FBD /* Branches.m in Sources */ = {isa = PBXBuildFile; fileRef = C2CB4DD1191C398D00BA3FBD /* Branches.m */; };
		C2D683B1191D42EF00C3F7E5 /* ActivityViewController.m in Sources */ = {isa = PBXBuildFile; fileRef = C2D683B0191D42EF00C3F7E5 /* ActivityViewController.m */; };
		C2D683B5191D756400C3F7E5 /* ContainerViewController.m in Sources */ = {isa = PBXBuildFile; fileRef = C2D683B4191D756400C3F7E5 /* ContainerViewController.m */; };
		C2D683B9191D778F00C3F7E5 /* ActivityGridViewController.m in Sources */ = {isa = PBXBuildFile; fileRef = C2D683B8191D778F00C3F7E5 /* ActivityGridViewController.m */; };
		C2D683BC191D77A200C3F7E5 /* ReadingLogViewController.m in Sources */ = {isa = PBXBuildFile; fileRef = C2D683BB191D77A200C3F7E5 /* ReadingLogViewController.m */; };
		C2D683BF191D77B400C3F7E5 /* InformationViewController.m in Sources */ = {isa = PBXBuildFile; fileRef = C2D683BE191D77B400C3F7E5 /* InformationViewController.m */; };
/* End PBXBuildFile section */

/* Begin PBXContainerItemProxy section */
		C24FDF5519195819009C7A9A /* PBXContainerItemProxy */ = {
			isa = PBXContainerItemProxy;
			containerPortal = C24FDF1B19195819009C7A9A /* Project object */;
			proxyType = 1;
			remoteGlobalIDString = C24FDF2219195819009C7A9A;
			remoteInfo = SanJoseLibrary;
		};
/* End PBXContainerItemProxy section */

/* Begin PBXFileReference section */
		C241FFFD191D8CEB00C914AA /* EmptySegue.h */ = {isa = PBXFileReference; fileEncoding = 4; lastKnownFileType = sourcecode.c.h; path = EmptySegue.h; sourceTree = "<group>"; };
		C241FFFE191D8CEB00C914AA /* EmptySegue.m */ = {isa = PBXFileReference; fileEncoding = 4; lastKnownFileType = sourcecode.c.objc; path = EmptySegue.m; sourceTree = "<group>"; };
		C24FDF2319195819009C7A9A /* SanJoseLibrary.app */ = {isa = PBXFileReference; explicitFileType = wrapper.application; includeInIndex = 0; path = SanJoseLibrary.app; sourceTree = BUILT_PRODUCTS_DIR; };
		C24FDF2619195819009C7A9A /* Foundation.framework */ = {isa = PBXFileReference; lastKnownFileType = wrapper.framework; name = Foundation.framework; path = System/Library/Frameworks/Foundation.framework; sourceTree = SDKROOT; };
		C24FDF2819195819009C7A9A /* CoreGraphics.framework */ = {isa = PBXFileReference; lastKnownFileType = wrapper.framework; name = CoreGraphics.framework; path = System/Library/Frameworks/CoreGraphics.framework; sourceTree = SDKROOT; };
		C24FDF2A19195819009C7A9A /* UIKit.framework */ = {isa = PBXFileReference; lastKnownFileType = wrapper.framework; name = UIKit.framework; path = System/Library/Frameworks/UIKit.framework; sourceTree = SDKROOT; };
		C24FDF2C19195819009C7A9A /* CoreData.framework */ = {isa = PBXFileReference; lastKnownFileType = wrapper.framework; name = CoreData.framework; path = System/Library/Frameworks/CoreData.framework; sourceTree = SDKROOT; };
		C24FDF3019195819009C7A9A /* SanJoseLibrary-Info.plist */ = {isa = PBXFileReference; lastKnownFileType = text.plist.xml; path = "SanJoseLibrary-Info.plist"; sourceTree = "<group>"; };
		C24FDF3219195819009C7A9A /* en */ = {isa = PBXFileReference; lastKnownFileType = text.plist.strings; name = en; path = en.lproj/InfoPlist.strings; sourceTree = "<group>"; };
		C24FDF3419195819009C7A9A /* main.m */ = {isa = PBXFileReference; lastKnownFileType = sourcecode.c.objc; path = main.m; sourceTree = "<group>"; };
		C24FDF3619195819009C7A9A /* SanJoseLibrary-Prefix.pch */ = {isa = PBXFileReference; lastKnownFileType = sourcecode.c.h; path = "SanJoseLibrary-Prefix.pch"; sourceTree = "<group>"; };
		C24FDF3719195819009C7A9A /* AppDelegate.h */ = {isa = PBXFileReference; lastKnownFileType = sourcecode.c.h; path = AppDelegate.h; sourceTree = "<group>"; };
		C24FDF3819195819009C7A9A /* AppDelegate.m */ = {isa = PBXFileReference; lastKnownFileType = sourcecode.c.objc; path = AppDelegate.m; sourceTree = "<group>"; };
		C24FDF3B19195819009C7A9A /* Base */ = {isa = PBXFileReference; lastKnownFileType = file.storyboard; name = Base; path = Base.lproj/Main_iPhone.storyboard; sourceTree = "<group>"; };
		C24FDF4119195819009C7A9A /* SanJoseLibrary.xcdatamodel */ = {isa = PBXFileReference; lastKnownFileType = wrapper.xcdatamodel; path = SanJoseLibrary.xcdatamodel; sourceTree = "<group>"; };
		C24FDF4319195819009C7A9A /* SelectUserViewController.h */ = {isa = PBXFileReference; lastKnownFileType = sourcecode.c.h; path = SelectUserViewController.h; sourceTree = "<group>"; };
		C24FDF4419195819009C7A9A /* SelectUserViewController.m */ = {isa = PBXFileReference; lastKnownFileType = sourcecode.c.objc; path = SelectUserViewController.m; sourceTree = "<group>"; };
		C24FDF4619195819009C7A9A /* LoginViewController.h */ = {isa = PBXFileReference; lastKnownFileType = sourcecode.c.h; path = LoginViewController.h; sourceTree = "<group>"; };
		C24FDF4719195819009C7A9A /* LoginViewController.m */ = {isa = PBXFileReference; lastKnownFileType = sourcecode.c.objc; path = LoginViewController.m; sourceTree = "<group>"; };
		C24FDF4919195819009C7A9A /* Images.xcassets */ = {isa = PBXFileReference; lastKnownFileType = folder.assetcatalog; path = Images.xcassets; sourceTree = "<group>"; };
		C24FDF4F19195819009C7A9A /* SanJoseLibraryTests.xctest */ = {isa = PBXFileReference; explicitFileType = wrapper.cfbundle; includeInIndex = 0; path = SanJoseLibraryTests.xctest; sourceTree = BUILT_PRODUCTS_DIR; };
		C24FDF5019195819009C7A9A /* XCTest.framework */ = {isa = PBXFileReference; lastKnownFileType = wrapper.framework; name = XCTest.framework; path = Library/Frameworks/XCTest.framework; sourceTree = DEVELOPER_DIR; };
		C24FDF5919195819009C7A9A /* SanJoseLibraryTests-Info.plist */ = {isa = PBXFileReference; lastKnownFileType = text.plist.xml; path = "SanJoseLibraryTests-Info.plist"; sourceTree = "<group>"; };
		C24FDF5B19195819009C7A9A /* en */ = {isa = PBXFileReference; lastKnownFileType = text.plist.strings; name = en; path = en.lproj/InfoPlist.strings; sourceTree = "<group>"; };
		C24FDF5D19195819009C7A9A /* SanJoseLibraryTests.m */ = {isa = PBXFileReference; lastKnownFileType = sourcecode.c.objc; path = SanJoseLibraryTests.m; sourceTree = "<group>"; };
		C24FDF67191958EE009C7A9A /* ServiceRequest.h */ = {isa = PBXFileReference; fileEncoding = 4; lastKnownFileType = sourcecode.c.h; path = ServiceRequest.h; sourceTree = "<group>"; };
		C24FDF68191958EE009C7A9A /* ServiceRequest.m */ = {isa = PBXFileReference; fileEncoding = 4; lastKnownFileType = sourcecode.c.objc; path = ServiceRequest.m; sourceTree = "<group>"; };
		C24FDF6A19198279009C7A9A /* LoginParameters.h */ = {isa = PBXFileReference; fileEncoding = 4; lastKnownFileType = sourcecode.c.h; path = LoginParameters.h; sourceTree = "<group>"; };
		C24FDF6B19198279009C7A9A /* LoginParameters.m */ = {isa = PBXFileReference; fileEncoding = 4; lastKnownFileType = sourcecode.c.objc; path = LoginParameters.m; sourceTree = "<group>"; };
		C24FDF6D1919922F009C7A9A /* Account.h */ = {isa = PBXFileReference; fileEncoding = 4; lastKnownFileType = sourcecode.c.h; path = Account.h; sourceTree = "<group>"; };
		C24FDF6E1919922F009C7A9A /* Account.m */ = {isa = PBXFileReference; fileEncoding = 4; lastKnownFileType = sourcecode.c.objc; path = Account.m; sourceTree = "<group>"; };
		C24FDF7019199BA9009C7A9A /* UserCollection.h */ = {isa = PBXFileReference; fileEncoding = 4; lastKnownFileType = sourcecode.c.h; path = UserCollection.h; sourceTree = "<group>"; };
		C24FDF7119199BA9009C7A9A /* UserCollection.m */ = {isa = PBXFileReference; fileEncoding = 4; lastKnownFileType = sourcecode.c.objc; path = UserCollection.m; sourceTree = "<group>"; };
		C283E3FB191AAD35008B66DB /* NSObject+Properties.h */ = {isa = PBXFileReference; fileEncoding = 4; lastKnownFileType = sourcecode.c.h; path = "NSObject+Properties.h"; sourceTree = "<group>"; };
		C283E3FC191AAD35008B66DB /* NSObject+Properties.m */ = {isa = PBXFileReference; fileEncoding = 4; lastKnownFileType = sourcecode.c.objc; path = "NSObject+Properties.m"; sourceTree = "<group>"; };
		C283E3FD191AAD35008B66DB /* NSString+PropertyKVC.h */ = {isa = PBXFileReference; fileEncoding = 4; lastKnownFileType = sourcecode.c.h; path = "NSString+PropertyKVC.h"; sourceTree = "<group>"; };
		C283E3FE191AAD35008B66DB /* NSString+PropertyKVC.m */ = {isa = PBXFileReference; fileEncoding = 4; lastKnownFileType = sourcecode.c.objc; path = "NSString+PropertyKVC.m"; sourceTree = "<group>"; };
		C283E404191AAFCB008B66DB /* User.h */ = {isa = PBXFileReference; fileEncoding = 4; lastKnownFileType = sourcecode.c.h; path = User.h; sourceTree = "<group>"; };
		C283E405191AAFCB008B66DB /* User.m */ = {isa = PBXFileReference; fileEncoding = 4; lastKnownFileType = sourcecode.c.objc; path = User.m; sourceTree = "<group>"; };
		C283E407191AD1FD008B66DB /* Activity.h */ = {isa = PBXFileReference; fileEncoding = 4; lastKnownFileType = sourcecode.c.h; name = Activity.h; path = ../Activity.h; sourceTree = "<group>"; };
		C283E408191AD1FD008B66DB /* Activity.m */ = {isa = PBXFileReference; fileEncoding = 4; lastKnownFileType = sourcecode.c.objc; name = Activity.m; path = ../Activity.m; sourceTree = "<group>"; };
		C283E40A191AD255008B66DB /* ActivityGridCollection.h */ = {isa = PBXFileReference; fileEncoding = 4; lastKnownFileType = sourcecode.c.h; name = ActivityGridCollection.h; path = ../ActivityGridCollection.h; sourceTree = "<group>"; };
		C283E40B191AD255008B66DB /* ActivityGridCollection.m */ = {isa = PBXFileReference; fileEncoding = 4; lastKnownFileType = sourcecode.c.objc; name = ActivityGridCollection.m; path = ../ActivityGridCollection.m; sourceTree = "<group>"; };
		C283E40D191AD26B008B66DB /* Prize.h */ = {isa = PBXFileReference; fileEncoding = 4; lastKnownFileType = sourcecode.c.h; name = Prize.h; path = ../Prize.h; sourceTree = "<group>"; };
		C283E40E191AD26B008B66DB /* Prize.m */ = {isa = PBXFileReference; fileEncoding = 4; lastKnownFileType = sourcecode.c.objc; name = Prize.m; path = ../Prize.m; sourceTree = "<group>"; };
		C283E410191AD281008B66DB /* PrizesCollection.h */ = {isa = PBXFileReference; fileEncoding = 4; lastKnownFileType = sourcecode.c.h; name = PrizesCollection.h; path = ../PrizesCollection.h; sourceTree = "<group>"; };
		C283E411191AD281008B66DB /* PrizesCollection.m */ = {isa = PBXFileReference; fileEncoding = 4; lastKnownFileType = sourcecode.c.objc; name = PrizesCollection.m; path = ../PrizesCollection.m; sourceTree = "<group>"; };
		C283E413191AD724008B66DB /* PrizeType.h */ = {isa = PBXFileReference; fileEncoding = 4; lastKnownFileType = sourcecode.c.h; name = PrizeType.h; path = ../PrizeType.h; sourceTree = "<group>"; };
		C283E414191AD724008B66DB /* PrizeType.m */ = {isa = PBXFileReference; fileEncoding = 4; lastKnownFileType = sourcecode.c.objc; name = PrizeType.m; path = ../PrizeType.m; sourceTree = "<group>"; };
		C283E416191AD7B5008B66DB /* UserTypes.h */ = {isa = PBXFileReference; fileEncoding = 4; lastKnownFileType = sourcecode.c.h; name = UserTypes.h; path = ../UserTypes.h; sourceTree = "<group>"; };
		C283E417191AD7B5008B66DB /* UserTypes.m */ = {isa = PBXFileReference; fileEncoding = 4; lastKnownFileType = sourcecode.c.objc; name = UserTypes.m; path = ../UserTypes.m; sourceTree = "<group>"; };
		C283E41B191AD9B7008B66DB /* CollectionsProtocol.h */ = {isa = PBXFileReference; lastKnownFileType = sourcecode.c.h; path = CollectionsProtocol.h; sourceTree = "<group>"; };
		C283E41D191AE028008B66DB /* NSObject+JSONObject.h */ = {isa = PBXFileReference; fileEncoding = 4; lastKnownFileType = sourcecode.c.h; path = "NSObject+JSONObject.h"; sourceTree = "<group>"; };
		C283E41E191AE028008B66DB /* NSObject+JSONObject.m */ = {isa = PBXFileReference; fileEncoding = 4; lastKnownFileType = sourcecode.c.objc; path = "NSObject+JSONObject.m"; sourceTree = "<group>"; };
		C2981F701920348900DEBA0D /* ReadingLogCell.h */ = {isa = PBXFileReference; fileEncoding = 4; lastKnownFileType = sourcecode.c.h; path = ReadingLogCell.h; sourceTree = "<group>"; };
		C2981F711920348900DEBA0D /* ReadingLogCell.m */ = {isa = PBXFileReference; fileEncoding = 4; lastKnownFileType = sourcecode.c.objc; path = ReadingLogCell.m; sourceTree = "<group>"; };
		C2981F73192034A300DEBA0D /* ActivityGridCell.h */ = {isa = PBXFileReference; fileEncoding = 4; lastKnownFileType = sourcecode.c.h; path = ActivityGridCell.h; sourceTree = "<group>"; };
		C2981F74192034A300DEBA0D /* ActivityGridCell.m */ = {isa = PBXFileReference; fileEncoding = 4; lastKnownFileType = sourcecode.c.objc; path = ActivityGridCell.m; sourceTree = "<group>"; };
		C2CB4DC4191BF5A200BA3FBD /* Utillities.h */ = {isa = PBXFileReference; fileEncoding = 4; lastKnownFileType = sourcecode.c.h; path = Utillities.h; sourceTree = "<group>"; };
		C2CB4DC5191BF5A200BA3FBD /* Utillities.m */ = {isa = PBXFileReference; fileEncoding = 4; lastKnownFileType = sourcecode.c.objc; path = Utillities.m; sourceTree = "<group>"; };
		C2CB4DC7191BFFBF00BA3FBD /* RegisterViewController.h */ = {isa = PBXFileReference; fileEncoding = 4; lastKnownFileType = sourcecode.c.h; name = RegisterViewController.h; path = ../RegisterViewController.h; sourceTree = "<group>"; };
		C2CB4DC8191BFFBF00BA3FBD /* RegisterViewController.m */ = {isa = PBXFileReference; fileEncoding = 4; lastKnownFileType = sourcecode.c.objc; name = RegisterViewController.m; path = ../RegisterViewController.m; sourceTree = "<group>"; };
		C2CB4DCD191C0D9400BA3FBD /* Branch.h */ = {isa = PBXFileReference; fileEncoding = 4; lastKnownFileType = sourcecode.c.h; path = Branch.h; sourceTree = "<group>"; };
		C2CB4DCE191C0D9400BA3FBD /* Branch.m */ = {isa = PBXFileReference; fileEncoding = 4; lastKnownFileType = sourcecode.c.objc; path = Branch.m; sourceTree = "<group>"; };
		C2CB4DD0191C398D00BA3FBD /* Branches.h */ = {isa = PBXFileReference; fileEncoding = 4; lastKnownFileType = sourcecode.c.h; path = Branches.h; sourceTree = "<group>"; };
		C2CB4DD1191C398D00BA3FBD /* Branches.m */ = {isa = PBXFileReference; fileEncoding = 4; lastKnownFileType = sourcecode.c.objc; path = Branches.m; sourceTree = "<group>"; };
		C2D683AF191D42EF00C3F7E5 /* ActivityViewController.h */ = {isa = PBXFileReference; fileEncoding = 4; lastKnownFileType = sourcecode.c.h; name = ActivityViewController.h; path = ../ActivityViewController.h; sourceTree = "<group>"; };
		C2D683B0191D42EF00C3F7E5 /* ActivityViewController.m */ = {isa = PBXFileReference; fileEncoding = 4; lastKnownFileType = sourcecode.c.objc; name = ActivityViewController.m; path = ../ActivityViewController.m; sourceTree = "<group>"; };
		C2D683B3191D756400C3F7E5 /* ContainerViewController.h */ = {isa = PBXFileReference; fileEncoding = 4; lastKnownFileType = sourcecode.c.h; path = ContainerViewController.h; sourceTree = "<group>"; };
		C2D683B4191D756400C3F7E5 /* ContainerViewController.m */ = {isa = PBXFileReference; fileEncoding = 4; lastKnownFileType = sourcecode.c.objc; path = ContainerViewController.m; sourceTree = "<group>"; };
		C2D683B7191D778F00C3F7E5 /* ActivityGridViewController.h */ = {isa = PBXFileReference; fileEncoding = 4; lastKnownFileType = sourcecode.c.h; path = ActivityGridViewController.h; sourceTree = "<group>"; };
		C2D683B8191D778F00C3F7E5 /* ActivityGridViewController.m */ = {isa = PBXFileReference; fileEncoding = 4; lastKnownFileType = sourcecode.c.objc; path = ActivityGridViewController.m; sourceTree = "<group>"; };
		C2D683BA191D77A200C3F7E5 /* ReadingLogViewController.h */ = {isa = PBXFileReference; fileEncoding = 4; lastKnownFileType = sourcecode.c.h; path = ReadingLogViewController.h; sourceTree = "<group>"; };
		C2D683BB191D77A200C3F7E5 /* ReadingLogViewController.m */ = {isa = PBXFileReference; fileEncoding = 4; lastKnownFileType = sourcecode.c.objc; path = ReadingLogViewController.m; sourceTree = "<group>"; };
		C2D683BD191D77B400C3F7E5 /* InformationViewController.h */ = {isa = PBXFileReference; fileEncoding = 4; lastKnownFileType = sourcecode.c.h; path = InformationViewController.h; sourceTree = "<group>"; };
		C2D683BE191D77B400C3F7E5 /* InformationViewController.m */ = {isa = PBXFileReference; fileEncoding = 4; lastKnownFileType = sourcecode.c.objc; path = InformationViewController.m; sourceTree = "<group>"; };
/* End PBXFileReference section */

/* Begin PBXFrameworksBuildPhase section */
		C24FDF2019195819009C7A9A /* Frameworks */ = {
			isa = PBXFrameworksBuildPhase;
			buildActionMask = 2147483647;
			files = (
				C24FDF2919195819009C7A9A /* CoreGraphics.framework in Frameworks */,
				C24FDF2D19195819009C7A9A /* CoreData.framework in Frameworks */,
				C24FDF2B19195819009C7A9A /* UIKit.framework in Frameworks */,
				C24FDF2719195819009C7A9A /* Foundation.framework in Frameworks */,
			);
			runOnlyForDeploymentPostprocessing = 0;
		};
		C24FDF4C19195819009C7A9A /* Frameworks */ = {
			isa = PBXFrameworksBuildPhase;
			buildActionMask = 2147483647;
			files = (
				C24FDF5119195819009C7A9A /* XCTest.framework in Frameworks */,
				C24FDF5419195819009C7A9A /* CoreData.framework in Frameworks */,
				C24FDF5319195819009C7A9A /* UIKit.framework in Frameworks */,
				C24FDF5219195819009C7A9A /* Foundation.framework in Frameworks */,
			);
			runOnlyForDeploymentPostprocessing = 0;
		};
/* End PBXFrameworksBuildPhase section */

/* Begin PBXGroup section */
		C24FDF1A19195819009C7A9A = {
			isa = PBXGroup;
			children = (
				C24FDF2E19195819009C7A9A /* SanJoseLibrary */,
				C24FDF5719195819009C7A9A /* SanJoseLibraryTests */,
				C24FDF2519195819009C7A9A /* Frameworks */,
				C24FDF2419195819009C7A9A /* Products */,
			);
			sourceTree = "<group>";
		};
		C24FDF2419195819009C7A9A /* Products */ = {
			isa = PBXGroup;
			children = (
				C24FDF2319195819009C7A9A /* SanJoseLibrary.app */,
				C24FDF4F19195819009C7A9A /* SanJoseLibraryTests.xctest */,
			);
			name = Products;
			sourceTree = "<group>";
		};
		C24FDF2519195819009C7A9A /* Frameworks */ = {
			isa = PBXGroup;
			children = (
				C24FDF2619195819009C7A9A /* Foundation.framework */,
				C24FDF2819195819009C7A9A /* CoreGraphics.framework */,
				C24FDF2A19195819009C7A9A /* UIKit.framework */,
				C24FDF2C19195819009C7A9A /* CoreData.framework */,
				C24FDF5019195819009C7A9A /* XCTest.framework */,
			);
			name = Frameworks;
			sourceTree = "<group>";
		};
		C24FDF2E19195819009C7A9A /* SanJoseLibrary */ = {
			isa = PBXGroup;
			children = (
				C24FDF3719195819009C7A9A /* AppDelegate.h */,
				C24FDF3819195819009C7A9A /* AppDelegate.m */,
				C24FDF3A19195819009C7A9A /* Main_iPhone.storyboard */,
				C2D683B2191D733C00C3F7E5 /* Viewcontrollers */,
				C283E420191AF11D008B66DB /* Extentions */,
				C24FDF4919195819009C7A9A /* Images.xcassets */,
				C24FDF4019195819009C7A9A /* SanJoseLibrary.xcdatamodeld */,
				C24FDF2F19195819009C7A9A /* Supporting Files */,
				C283E419191AD824008B66DB /* API */,
				C283E41A191AD836008B66DB /* DataModels */,
			);
			path = SanJoseLibrary;
			sourceTree = "<group>";
		};
		C24FDF2F19195819009C7A9A /* Supporting Files */ = {
			isa = PBXGroup;
			children = (
				C24FDF3019195819009C7A9A /* SanJoseLibrary-Info.plist */,
				C24FDF3119195819009C7A9A /* InfoPlist.strings */,
				C24FDF3419195819009C7A9A /* main.m */,
				C24FDF3619195819009C7A9A /* SanJoseLibrary-Prefix.pch */,
			);
			name = "Supporting Files";
			sourceTree = "<group>";
		};
		C24FDF5719195819009C7A9A /* SanJoseLibraryTests */ = {
			isa = PBXGroup;
			children = (
				C24FDF5D19195819009C7A9A /* SanJoseLibraryTests.m */,
				C24FDF5819195819009C7A9A /* Supporting Files */,
			);
			path = SanJoseLibraryTests;
			sourceTree = "<group>";
		};
		C24FDF5819195819009C7A9A /* Supporting Files */ = {
			isa = PBXGroup;
			children = (
				C24FDF5919195819009C7A9A /* SanJoseLibraryTests-Info.plist */,
				C24FDF5A19195819009C7A9A /* InfoPlist.strings */,
			);
			name = "Supporting Files";
			sourceTree = "<group>";
		};
		C283E419191AD824008B66DB /* API */ = {
			isa = PBXGroup;
			children = (
				C24FDF67191958EE009C7A9A /* ServiceRequest.h */,
				C24FDF68191958EE009C7A9A /* ServiceRequest.m */,
				C24FDF6A19198279009C7A9A /* LoginParameters.h */,
				C24FDF6B19198279009C7A9A /* LoginParameters.m */,
			);
			name = API;
			sourceTree = "<group>";
		};
		C283E41A191AD836008B66DB /* DataModels */ = {
			isa = PBXGroup;
			children = (
				C283E41C191ADC15008B66DB /* Collections */,
				C24FDF6D1919922F009C7A9A /* Account.h */,
				C24FDF6E1919922F009C7A9A /* Account.m */,
				C283E404191AAFCB008B66DB /* User.h */,
				C283E405191AAFCB008B66DB /* User.m */,
				C283E40D191AD26B008B66DB /* Prize.h */,
				C283E40E191AD26B008B66DB /* Prize.m */,
				C283E407191AD1FD008B66DB /* Activity.h */,
				C283E408191AD1FD008B66DB /* Activity.m */,
				C283E416191AD7B5008B66DB /* UserTypes.h */,
				C283E417191AD7B5008B66DB /* UserTypes.m */,
				C283E413191AD724008B66DB /* PrizeType.h */,
				C283E414191AD724008B66DB /* PrizeType.m */,
				C2CB4DCD191C0D9400BA3FBD /* Branch.h */,
				C2CB4DCE191C0D9400BA3FBD /* Branch.m */,
				C2CB4DD0191C398D00BA3FBD /* Branches.h */,
				C2CB4DD1191C398D00BA3FBD /* Branches.m */,
			);
			name = DataModels;
			sourceTree = "<group>";
		};
		C283E41C191ADC15008B66DB /* Collections */ = {
			isa = PBXGroup;
			children = (
				C24FDF7019199BA9009C7A9A /* UserCollection.h */,
				C24FDF7119199BA9009C7A9A /* UserCollection.m */,
				C283E410191AD281008B66DB /* PrizesCollection.h */,
				C283E411191AD281008B66DB /* PrizesCollection.m */,
				C283E40A191AD255008B66DB /* ActivityGridCollection.h */,
				C283E40B191AD255008B66DB /* ActivityGridCollection.m */,
			);
			name = Collections;
			sourceTree = "<group>";
		};
		C283E420191AF11D008B66DB /* Extentions */ = {
			isa = PBXGroup;
			children = (
				C2CB4DC4191BF5A200BA3FBD /* Utillities.h */,
				C2CB4DC5191BF5A200BA3FBD /* Utillities.m */,
				C283E3FB191AAD35008B66DB /* NSObject+Properties.h */,
				C283E3FC191AAD35008B66DB /* NSObject+Properties.m */,
				C283E3FD191AAD35008B66DB /* NSString+PropertyKVC.h */,
				C283E41D191AE028008B66DB /* NSObject+JSONObject.h */,
				C283E41E191AE028008B66DB /* NSObject+JSONObject.m */,
				C283E3FE191AAD35008B66DB /* NSString+PropertyKVC.m */,
				C283E41B191AD9B7008B66DB /* CollectionsProtocol.h */,
			);
			name = Extentions;
			sourceTree = "<group>";
		};
		C2D683B2191D733C00C3F7E5 /* Viewcontrollers */ = {
			isa = PBXGroup;
			children = (
				C2D683B6191D756E00C3F7E5 /* Activity Controller */,
				C2CB4DC7191BFFBF00BA3FBD /* RegisterViewController.h */,
				C2CB4DC8191BFFBF00BA3FBD /* RegisterViewController.m */,
				C24FDF4319195819009C7A9A /* SelectUserViewController.h */,
				C24FDF4419195819009C7A9A /* SelectUserViewController.m */,
				C24FDF4619195819009C7A9A /* LoginViewController.h */,
				C24FDF4719195819009C7A9A /* LoginViewController.m */,
			);
			name = Viewcontrollers;
			sourceTree = "<group>";
		};
		C2D683B6191D756E00C3F7E5 /* Activity Controller */ = {
			isa = PBXGroup;
			children = (
				C2D683AF191D42EF00C3F7E5 /* ActivityViewController.h */,
				C2D683B0191D42EF00C3F7E5 /* ActivityViewController.m */,
				C2D683B3191D756400C3F7E5 /* ContainerViewController.h */,
				C2D683B4191D756400C3F7E5 /* ContainerViewController.m */,
				C2D683B7191D778F00C3F7E5 /* ActivityGridViewController.h */,
				C2D683B8191D778F00C3F7E5 /* ActivityGridViewController.m */,
				C2D683BA191D77A200C3F7E5 /* ReadingLogViewController.h */,
				C2D683BB191D77A200C3F7E5 /* ReadingLogViewController.m */,
				C2D683BD191D77B400C3F7E5 /* InformationViewController.h */,
				C2D683BE191D77B400C3F7E5 /* InformationViewController.m */,
				C241FFFD191D8CEB00C914AA /* EmptySegue.h */,
				C241FFFE191D8CEB00C914AA /* EmptySegue.m */,
				C2981F701920348900DEBA0D /* ReadingLogCell.h */,
				C2981F711920348900DEBA0D /* ReadingLogCell.m */,
				C2981F73192034A300DEBA0D /* ActivityGridCell.h */,
				C2981F74192034A300DEBA0D /* ActivityGridCell.m */,
			);
			name = "Activity Controller";
			sourceTree = "<group>";
		};
/* End PBXGroup section */

/* Begin PBXNativeTarget section */
		C24FDF2219195819009C7A9A /* SanJoseLibrary */ = {
			isa = PBXNativeTarget;
			buildConfigurationList = C24FDF6119195819009C7A9A /* Build configuration list for PBXNativeTarget "SanJoseLibrary" */;
			buildPhases = (
				C24FDF1F19195819009C7A9A /* Sources */,
				C24FDF2019195819009C7A9A /* Frameworks */,
				C24FDF2119195819009C7A9A /* Resources */,
			);
			buildRules = (
			);
			dependencies = (
			);
			name = SanJoseLibrary;
			productName = SanJoseLibrary;
			productReference = C24FDF2319195819009C7A9A /* SanJoseLibrary.app */;
			productType = "com.apple.product-type.application";
		};
		C24FDF4E19195819009C7A9A /* SanJoseLibraryTests */ = {
			isa = PBXNativeTarget;
			buildConfigurationList = C24FDF6419195819009C7A9A /* Build configuration list for PBXNativeTarget "SanJoseLibraryTests" */;
			buildPhases = (
				C24FDF4B19195819009C7A9A /* Sources */,
				C24FDF4C19195819009C7A9A /* Frameworks */,
				C24FDF4D19195819009C7A9A /* Resources */,
			);
			buildRules = (
			);
			dependencies = (
				C24FDF5619195819009C7A9A /* PBXTargetDependency */,
			);
			name = SanJoseLibraryTests;
			productName = SanJoseLibraryTests;
			productReference = C24FDF4F19195819009C7A9A /* SanJoseLibraryTests.xctest */;
			productType = "com.apple.product-type.bundle.unit-test";
		};
/* End PBXNativeTarget section */

/* Begin PBXProject section */
		C24FDF1B19195819009C7A9A /* Project object */ = {
			isa = PBXProject;
			attributes = {
				LastUpgradeCheck = 0510;
				ORGANIZATIONNAME = "___FULLUSERNAME___";
				TargetAttributes = {
					C24FDF4E19195819009C7A9A = {
						TestTargetID = C24FDF2219195819009C7A9A;
					};
				};
			};
			buildConfigurationList = C24FDF1E19195819009C7A9A /* Build configuration list for PBXProject "SanJoseLibrary" */;
			compatibilityVersion = "Xcode 3.2";
			developmentRegion = English;
			hasScannedForEncodings = 0;
			knownRegions = (
				en,
				Base,
			);
			mainGroup = C24FDF1A19195819009C7A9A;
			productRefGroup = C24FDF2419195819009C7A9A /* Products */;
			projectDirPath = "";
			projectRoot = "";
			targets = (
				C24FDF2219195819009C7A9A /* SanJoseLibrary */,
				C24FDF4E19195819009C7A9A /* SanJoseLibraryTests */,
			);
		};
/* End PBXProject section */

/* Begin PBXResourcesBuildPhase section */
		C24FDF2119195819009C7A9A /* Resources */ = {
			isa = PBXResourcesBuildPhase;
			buildActionMask = 2147483647;
			files = (
				C24FDF4A19195819009C7A9A /* Images.xcassets in Resources */,
				C24FDF3C19195819009C7A9A /* Main_iPhone.storyboard in Resources */,
				C24FDF3319195819009C7A9A /* InfoPlist.strings in Resources */,
			);
			runOnlyForDeploymentPostprocessing = 0;
		};
		C24FDF4D19195819009C7A9A /* Resources */ = {
			isa = PBXResourcesBuildPhase;
			buildActionMask = 2147483647;
			files = (
				C24FDF5C19195819009C7A9A /* InfoPlist.strings in Resources */,
			);
			runOnlyForDeploymentPostprocessing = 0;
		};
/* End PBXResourcesBuildPhase section */

/* Begin PBXSourcesBuildPhase section */
		C24FDF1F19195819009C7A9A /* Sources */ = {
			isa = PBXSourcesBuildPhase;
			buildActionMask = 2147483647;
			files = (
				C24FDF4819195819009C7A9A /* LoginViewController.m in Sources */,
				C24FDF6F1919922F009C7A9A /* Account.m in Sources */,
				C283E3FF191AAD35008B66DB /* NSObject+Properties.m in Sources */,
				C283E409191AD1FD008B66DB /* Activity.m in Sources */,
				C2CB4DC9191BFFBF00BA3FBD /* RegisterViewController.m in Sources */,
				C283E41F191AE028008B66DB /* NSObject+JSONObject.m in Sources */,
				C283E40C191AD255008B66DB /* ActivityGridCollection.m in Sources */,
				C2981F75192034A300DEBA0D /* ActivityGridCell.m in Sources */,
				C283E400191AAD35008B66DB /* NSString+PropertyKVC.m in Sources */,
				C283E412191AD281008B66DB /* PrizesCollection.m in Sources */,
				C2D683B1191D42EF00C3F7E5 /* ActivityViewController.m in Sources */,
				C283E40F191AD26B008B66DB /* Prize.m in Sources */,
				C24FDF4519195819009C7A9A /* SelectUserViewController.m in Sources */,
				C24FDF7219199BA9009C7A9A /* UserCollection.m in Sources */,
				C2CB4DC6191BF5A200BA3FBD /* Utillities.m in Sources */,
				C2D683B5191D756400C3F7E5 /* ContainerViewController.m in Sources */,
				C24FDF4219195819009C7A9A /* SanJoseLibrary.xcdatamodeld in Sources */,
				C24FDF6C19198279009C7A9A /* LoginParameters.m in Sources */,
				C283E406191AAFCB008B66DB /* User.m in Sources */,
				C2D683BC191D77A200C3F7E5 /* ReadingLogViewController.m in Sources */,
				C2D683BF191D77B400C3F7E5 /* InformationViewController.m in Sources */,
				C241FFFF191D8CEB00C914AA /* EmptySegue.m in Sources */,
				C24FDF3919195819009C7A9A /* AppDelegate.m in Sources */,
				C2CB4DCF191C0D9400BA3FBD /* Branch.m in Sources */,
				C2CB4DD2191C398D00BA3FBD /* Branches.m in Sources */,
				C283E418191AD7B5008B66DB /* UserTypes.m in Sources */,
				C283E415191AD724008B66DB /* PrizeType.m in Sources */,
				C24FDF3519195819009C7A9A /* main.m in Sources */,
				C2981F721920348900DEBA0D /* ReadingLogCell.m in Sources */,
				C24FDF69191958EE009C7A9A /* ServiceRequest.m in Sources */,
				C2D683B9191D778F00C3F7E5 /* ActivityGridViewController.m in Sources */,
			);
			runOnlyForDeploymentPostprocessing = 0;
		};
		C24FDF4B19195819009C7A9A /* Sources */ = {
			isa = PBXSourcesBuildPhase;
			buildActionMask = 2147483647;
			files = (
				C24FDF5E19195819009C7A9A /* SanJoseLibraryTests.m in Sources */,
			);
			runOnlyForDeploymentPostprocessing = 0;
		};
/* End PBXSourcesBuildPhase section */

/* Begin PBXTargetDependency section */
		C24FDF5619195819009C7A9A /* PBXTargetDependency */ = {
			isa = PBXTargetDependency;
			target = C24FDF2219195819009C7A9A /* SanJoseLibrary */;
			targetProxy = C24FDF5519195819009C7A9A /* PBXContainerItemProxy */;
		};
/* End PBXTargetDependency section */

/* Begin PBXVariantGroup section */
		C24FDF3119195819009C7A9A /* InfoPlist.strings */ = {
			isa = PBXVariantGroup;
			children = (
				C24FDF3219195819009C7A9A /* en */,
			);
			name = InfoPlist.strings;
			sourceTree = "<group>";
		};
		C24FDF3A19195819009C7A9A /* Main_iPhone.storyboard */ = {
			isa = PBXVariantGroup;
			children = (
				C24FDF3B19195819009C7A9A /* Base */,
			);
			name = Main_iPhone.storyboard;
			sourceTree = "<group>";
		};
		C24FDF5A19195819009C7A9A /* InfoPlist.strings */ = {
			isa = PBXVariantGroup;
			children = (
				C24FDF5B19195819009C7A9A /* en */,
			);
			name = InfoPlist.strings;
			sourceTree = "<group>";
		};
/* End PBXVariantGroup section */

/* Begin XCBuildConfiguration section */
		C24FDF5F19195819009C7A9A /* Debug */ = {
			isa = XCBuildConfiguration;
			buildSettings = {
				ALWAYS_SEARCH_USER_PATHS = NO;
				CLANG_CXX_LANGUAGE_STANDARD = "gnu++0x";
				CLANG_CXX_LIBRARY = "libc++";
				CLANG_ENABLE_MODULES = YES;
				CLANG_ENABLE_OBJC_ARC = YES;
				CLANG_WARN_BOOL_CONVERSION = YES;
				CLANG_WARN_CONSTANT_CONVERSION = YES;
				CLANG_WARN_DIRECT_OBJC_ISA_USAGE = YES_ERROR;
				CLANG_WARN_EMPTY_BODY = YES;
				CLANG_WARN_ENUM_CONVERSION = YES;
				CLANG_WARN_INT_CONVERSION = YES;
				CLANG_WARN_OBJC_ROOT_CLASS = YES_ERROR;
				CLANG_WARN__DUPLICATE_METHOD_MATCH = YES;
				"CODE_SIGN_IDENTITY[sdk=iphoneos*]" = "iPhone Developer";
				COPY_PHASE_STRIP = NO;
				GCC_C_LANGUAGE_STANDARD = gnu99;
				GCC_DYNAMIC_NO_PIC = NO;
				GCC_OPTIMIZATION_LEVEL = 0;
				GCC_PREPROCESSOR_DEFINITIONS = (
					"DEBUG=1",
					"$(inherited)",
				);
				GCC_SYMBOLS_PRIVATE_EXTERN = NO;
				GCC_WARN_64_TO_32_BIT_CONVERSION = YES;
				GCC_WARN_ABOUT_RETURN_TYPE = YES_ERROR;
				GCC_WARN_UNDECLARED_SELECTOR = YES;
				GCC_WARN_UNINITIALIZED_AUTOS = YES_AGGRESSIVE;
				GCC_WARN_UNUSED_FUNCTION = YES;
				GCC_WARN_UNUSED_VARIABLE = YES;
				IPHONEOS_DEPLOYMENT_TARGET = 7.1;
				ONLY_ACTIVE_ARCH = YES;
				SDKROOT = iphoneos;
				TARGETED_DEVICE_FAMILY = "1,2";
			};
			name = Debug;
		};
		C24FDF6019195819009C7A9A /* Release */ = {
			isa = XCBuildConfiguration;
			buildSettings = {
				ALWAYS_SEARCH_USER_PATHS = NO;
				CLANG_CXX_LANGUAGE_STANDARD = "gnu++0x";
				CLANG_CXX_LIBRARY = "libc++";
				CLANG_ENABLE_MODULES = YES;
				CLANG_ENABLE_OBJC_ARC = YES;
				CLANG_WARN_BOOL_CONVERSION = YES;
				CLANG_WARN_CONSTANT_CONVERSION = YES;
				CLANG_WARN_DIRECT_OBJC_ISA_USAGE = YES_ERROR;
				CLANG_WARN_EMPTY_BODY = YES;
				CLANG_WARN_ENUM_CONVERSION = YES;
				CLANG_WARN_INT_CONVERSION = YES;
				CLANG_WARN_OBJC_ROOT_CLASS = YES_ERROR;
				CLANG_WARN__DUPLICATE_METHOD_MATCH = YES;
				"CODE_SIGN_IDENTITY[sdk=iphoneos*]" = "iPhone Developer";
				COPY_PHASE_STRIP = YES;
				ENABLE_NS_ASSERTIONS = NO;
				GCC_C_LANGUAGE_STANDARD = gnu99;
				GCC_WARN_64_TO_32_BIT_CONVERSION = YES;
				GCC_WARN_ABOUT_RETURN_TYPE = YES_ERROR;
				GCC_WARN_UNDECLARED_SELECTOR = YES;
				GCC_WARN_UNINITIALIZED_AUTOS = YES_AGGRESSIVE;
				GCC_WARN_UNUSED_FUNCTION = YES;
				GCC_WARN_UNUSED_VARIABLE = YES;
				IPHONEOS_DEPLOYMENT_TARGET = 7.1;
				SDKROOT = iphoneos;
				TARGETED_DEVICE_FAMILY = "1,2";
				VALIDATE_PRODUCT = YES;
			};
			name = Release;
		};
		C24FDF6219195819009C7A9A /* Debug */ = {
			isa = XCBuildConfiguration;
			buildSettings = {
				ASSETCATALOG_COMPILER_APPICON_NAME = AppIcon;
				ASSETCATALOG_COMPILER_LAUNCHIMAGE_NAME = LaunchImage;
				GCC_PRECOMPILE_PREFIX_HEADER = YES;
				GCC_PREFIX_HEADER = "SanJoseLibrary/SanJoseLibrary-Prefix.pch";
				INFOPLIST_FILE = "SanJoseLibrary/SanJoseLibrary-Info.plist";
				PRODUCT_NAME = "$(TARGET_NAME)";
				WRAPPER_EXTENSION = app;
			};
			name = Debug;
		};
		C24FDF6319195819009C7A9A /* Release */ = {
			isa = XCBuildConfiguration;
			buildSettings = {
				ASSETCATALOG_COMPILER_APPICON_NAME = AppIcon;
				ASSETCATALOG_COMPILER_LAUNCHIMAGE_NAME = LaunchImage;
				GCC_PRECOMPILE_PREFIX_HEADER = YES;
				GCC_PREFIX_HEADER = "SanJoseLibrary/SanJoseLibrary-Prefix.pch";
				INFOPLIST_FILE = "SanJoseLibrary/SanJoseLibrary-Info.plist";
				PRODUCT_NAME = "$(TARGET_NAME)";
				WRAPPER_EXTENSION = app;
			};
			name = Release;
		};
		C24FDF6519195819009C7A9A /* Debug */ = {
			isa = XCBuildConfiguration;
			buildSettings = {
				BUNDLE_LOADER = "$(BUILT_PRODUCTS_DIR)/SanJoseLibrary.app/SanJoseLibrary";
				FRAMEWORK_SEARCH_PATHS = (
					"$(SDKROOT)/Developer/Library/Frameworks",
					"$(inherited)",
					"$(DEVELOPER_FRAMEWORKS_DIR)",
				);
				GCC_PRECOMPILE_PREFIX_HEADER = YES;
				GCC_PREFIX_HEADER = "SanJoseLibrary/SanJoseLibrary-Prefix.pch";
				GCC_PREPROCESSOR_DEFINITIONS = (
					"DEBUG=1",
					"$(inherited)",
				);
				INFOPLIST_FILE = "SanJoseLibraryTests/SanJoseLibraryTests-Info.plist";
				PRODUCT_NAME = "$(TARGET_NAME)";
				TEST_HOST = "$(BUNDLE_LOADER)";
				WRAPPER_EXTENSION = xctest;
			};
			name = Debug;
		};
		C24FDF6619195819009C7A9A /* Release */ = {
			isa = XCBuildConfiguration;
			buildSettings = {
				BUNDLE_LOADER = "$(BUILT_PRODUCTS_DIR)/SanJoseLibrary.app/SanJoseLibrary";
				FRAMEWORK_SEARCH_PATHS = (
					"$(SDKROOT)/Developer/Library/Frameworks",
					"$(inherited)",
					"$(DEVELOPER_FRAMEWORKS_DIR)",
				);
				GCC_PRECOMPILE_PREFIX_HEADER = YES;
				GCC_PREFIX_HEADER = "SanJoseLibrary/SanJoseLibrary-Prefix.pch";
				INFOPLIST_FILE = "SanJoseLibraryTests/SanJoseLibraryTests-Info.plist";
				PRODUCT_NAME = "$(TARGET_NAME)";
				TEST_HOST = "$(BUNDLE_LOADER)";
				WRAPPER_EXTENSION = xctest;
			};
			name = Release;
		};
/* End XCBuildConfiguration section */

/* Begin XCConfigurationList section */
		C24FDF1E19195819009C7A9A /* Build configuration list for PBXProject "SanJoseLibrary" */ = {
			isa = XCConfigurationList;
			buildConfigurations = (
				C24FDF5F19195819009C7A9A /* Debug */,
				C24FDF6019195819009C7A9A /* Release */,
			);
			defaultConfigurationIsVisible = 0;
			defaultConfigurationName = Release;
		};
		C24FDF6119195819009C7A9A /* Build configuration list for PBXNativeTarget "SanJoseLibrary" */ = {
			isa = XCConfigurationList;
			buildConfigurations = (
				C24FDF6219195819009C7A9A /* Debug */,
				C24FDF6319195819009C7A9A /* Release */,
			);
			defaultConfigurationIsVisible = 0;
			defaultConfigurationName = Release;
		};
		C24FDF6419195819009C7A9A /* Build configuration list for PBXNativeTarget "SanJoseLibraryTests" */ = {
			isa = XCConfigurationList;
			buildConfigurations = (
				C24FDF6519195819009C7A9A /* Debug */,
				C24FDF6619195819009C7A9A /* Release */,
			);
			defaultConfigurationIsVisible = 0;
			defaultConfigurationName = Release;
		};
/* End XCConfigurationList section */

/* Begin XCVersionGroup section */
		C24FDF4019195819009C7A9A /* SanJoseLibrary.xcdatamodeld */ = {
			isa = XCVersionGroup;
			children = (
				C24FDF4119195819009C7A9A /* SanJoseLibrary.xcdatamodel */,
			);
			currentVersion = C24FDF4119195819009C7A9A /* SanJoseLibrary.xcdatamodel */;
			path = SanJoseLibrary.xcdatamodeld;
			sourceTree = "<group>";
			versionGroupType = wrapper.xcdatamodel;
		};
/* End XCVersionGroup section */
	};
	rootObject = C24FDF1B19195819009C7A9A /* Project object */;
}
